// !$*UTF8*$!
{
	archiveVersion = 1;
	classes = {
	};
	objectVersion = 46;
	objects = {

/* Begin PBXBuildFile section */
		430A3BE01BEF77A200A7128E /* main_tileset_hd.plist in Resources */ = {isa = PBXBuildFile; fileRef = 430A3BDC1BEF77A200A7128E /* main_tileset_hd.plist */; };
		430A3BE11BEF77A200A7128E /* main_tileset_hd.png in Resources */ = {isa = PBXBuildFile; fileRef = 430A3BDD1BEF77A200A7128E /* main_tileset_hd.png */; };
		431DCDED1C5D665E009CA06A /* example_blueprint.json in Resources */ = {isa = PBXBuildFile; fileRef = 431DCDEC1C5D665E009CA06A /* example_blueprint.json */; };
		433F0B93278C6A8D001BD027 /* MetalViewShader.metal in Sources */ = {isa = PBXBuildFile; fileRef = 433F0B92278C6A8D001BD027 /* MetalViewShader.metal */; };
		433F0B94278C6A8D001BD027 /* MetalViewShader.metal in Sources */ = {isa = PBXBuildFile; fileRef = 433F0B92278C6A8D001BD027 /* MetalViewShader.metal */; };
		433F0B9B278C6AA7001BD027 /* ImageViewShader.fsh in Resources */ = {isa = PBXBuildFile; fileRef = 433F0B96278C6AA7001BD027 /* ImageViewShader.fsh */; };
		433F0B9C278C6AA7001BD027 /* ImageViewShader.fsh in Resources */ = {isa = PBXBuildFile; fileRef = 433F0B96278C6AA7001BD027 /* ImageViewShader.fsh */; };
		433F0B9D278C6AA7001BD027 /* shader_config.plist in Resources */ = {isa = PBXBuildFile; fileRef = 433F0B97278C6AA7001BD027 /* shader_config.plist */; };
		433F0B9E278C6AA7001BD027 /* shader_config.plist in Resources */ = {isa = PBXBuildFile; fileRef = 433F0B97278C6AA7001BD027 /* shader_config.plist */; };
		433F0B9F278C6AA7001BD027 /* ViewShader.fsh in Resources */ = {isa = PBXBuildFile; fileRef = 433F0B98278C6AA7001BD027 /* ViewShader.fsh */; };
		433F0BA0278C6AA7001BD027 /* ViewShader.fsh in Resources */ = {isa = PBXBuildFile; fileRef = 433F0B98278C6AA7001BD027 /* ViewShader.fsh */; };
		433F0BA1278C6AA7001BD027 /* ImageViewShader.vsh in Resources */ = {isa = PBXBuildFile; fileRef = 433F0B99278C6AA7001BD027 /* ImageViewShader.vsh */; };
		433F0BA2278C6AA7001BD027 /* ImageViewShader.vsh in Resources */ = {isa = PBXBuildFile; fileRef = 433F0B99278C6AA7001BD027 /* ImageViewShader.vsh */; };
		433F0BA3278C6AA7001BD027 /* ViewShader.vsh in Resources */ = {isa = PBXBuildFile; fileRef = 433F0B9A278C6AA7001BD027 /* ViewShader.vsh */; };
		433F0BA4278C6AA7001BD027 /* ViewShader.vsh in Resources */ = {isa = PBXBuildFile; fileRef = 433F0B9A278C6AA7001BD027 /* ViewShader.vsh */; };
		435743F027907CC4000B5062 /* IOSSpriteHandler.mm in Sources */ = {isa = PBXBuildFile; fileRef = 435743D327907CC4000B5062 /* IOSSpriteHandler.mm */; };
		435743F127907CC4000B5062 /* IOSSpriteHandler.mm in Sources */ = {isa = PBXBuildFile; fileRef = 435743D327907CC4000B5062 /* IOSSpriteHandler.mm */; };
		435743F227907CC4000B5062 /* IOSShaderHandler.cpp in Sources */ = {isa = PBXBuildFile; fileRef = 435743D427907CC4000B5062 /* IOSShaderHandler.cpp */; };
		435743F327907CC4000B5062 /* IOSShaderHandler.cpp in Sources */ = {isa = PBXBuildFile; fileRef = 435743D427907CC4000B5062 /* IOSShaderHandler.cpp */; };
		435743F527907CC4000B5062 /* MetalRenderer.cpp in Sources */ = {isa = PBXBuildFile; fileRef = 435743D627907CC4000B5062 /* MetalRenderer.cpp */; };
		435743F727907CC4000B5062 /* MetalImageViewRenderer.cpp in Sources */ = {isa = PBXBuildFile; fileRef = 435743D827907CC4000B5062 /* MetalImageViewRenderer.cpp */; };
		435743F927907CC4000B5062 /* MetalViewRenderer.cpp in Sources */ = {isa = PBXBuildFile; fileRef = 435743DB27907CC4000B5062 /* MetalViewRenderer.cpp */; };
		435743FA27907CC4000B5062 /* ScreenManager.cpp in Sources */ = {isa = PBXBuildFile; fileRef = 435743DC27907CC4000B5062 /* ScreenManager.cpp */; };
		435743FB27907CC4000B5062 /* ScreenManager.cpp in Sources */ = {isa = PBXBuildFile; fileRef = 435743DC27907CC4000B5062 /* ScreenManager.cpp */; };
		435743FC27907CC4000B5062 /* OGLViewRenderer.cpp in Sources */ = {isa = PBXBuildFile; fileRef = 435743E027907CC4000B5062 /* OGLViewRenderer.cpp */; };
		435743FE27907CC4000B5062 /* OGLImageViewRenderer.cpp in Sources */ = {isa = PBXBuildFile; fileRef = 435743E127907CC4000B5062 /* OGLImageViewRenderer.cpp */; };
		4357440027907CC4000B5062 /* OGLRenderer.cpp in Sources */ = {isa = PBXBuildFile; fileRef = 435743E527907CC4000B5062 /* OGLRenderer.cpp */; };
		4357440227907CC4000B5062 /* OGLViewController.mm in Sources */ = {isa = PBXBuildFile; fileRef = 435743E827907CC4000B5062 /* OGLViewController.mm */; };
		4357440527907CC4000B5062 /* MetalRootViewController.mm in Sources */ = {isa = PBXBuildFile; fileRef = 435743EA27907CC4000B5062 /* MetalRootViewController.mm */; };
		4357440627907CC4000B5062 /* main.m in Sources */ = {isa = PBXBuildFile; fileRef = 435743EE27907CC4000B5062 /* main.m */; };
		4357440727907CC4000B5062 /* main.m in Sources */ = {isa = PBXBuildFile; fileRef = 435743EE27907CC4000B5062 /* main.m */; };
		4357440827907CC4000B5062 /* AppDelegate.mm in Sources */ = {isa = PBXBuildFile; fileRef = 435743EF27907CC4000B5062 /* AppDelegate.mm */; };
		4357440927907CC4000B5062 /* AppDelegate.mm in Sources */ = {isa = PBXBuildFile; fileRef = 435743EF27907CC4000B5062 /* AppDelegate.mm */; };
		4361F4611EAE561700A0CC03 /* test_tileset_HD.plist in Resources */ = {isa = PBXBuildFile; fileRef = 4361F45F1EAE561700A0CC03 /* test_tileset_HD.plist */; };
		4361F4621EAE561700A0CC03 /* test_tileset_HD.png in Resources */ = {isa = PBXBuildFile; fileRef = 4361F4601EAE561700A0CC03 /* test_tileset_HD.png */; };
		438072022788EAB500D85E9B /* MetalKit.framework in Frameworks */ = {isa = PBXBuildFile; fileRef = 438072012788EAB500D85E9B /* MetalKit.framework */; };
		43809F8A2788E39F00376332 /* Metal.framework in Frameworks */ = {isa = PBXBuildFile; fileRef = 43809F892788E39F00376332 /* Metal.framework */; };
		43809F8C2788E3A200376332 /* QuartzCore.framework in Frameworks */ = {isa = PBXBuildFile; fileRef = 43809F8B2788E3A200376332 /* QuartzCore.framework */; };
		43809F8D2788E48500376332 /* UIKit.framework in Frameworks */ = {isa = PBXBuildFile; fileRef = 43CC37E31BC1800B009F3FD0 /* UIKit.framework */; };
		43CC37D21BC17869009F3FD0 /* LaunchScreen.storyboard in Resources */ = {isa = PBXBuildFile; fileRef = 43CC37D01BC17869009F3FD0 /* LaunchScreen.storyboard */; };
		43CC37D31BC17869009F3FD0 /* Main.storyboard in Resources */ = {isa = PBXBuildFile; fileRef = 43CC37D11BC17869009F3FD0 /* Main.storyboard */; };
		43CC37DA1BC178C6009F3FD0 /* Images.xcassets in Resources */ = {isa = PBXBuildFile; fileRef = 43CC37D91BC178C6009F3FD0 /* Images.xcassets */; };
		43CC37E01BC17FDA009F3FD0 /* GLKit.framework in Frameworks */ = {isa = PBXBuildFile; fileRef = 43CC37DF1BC17FDA009F3FD0 /* GLKit.framework */; };
		43CC37E21BC17FFA009F3FD0 /* OpenGLES.framework in Frameworks */ = {isa = PBXBuildFile; fileRef = 43CC37E11BC17FFA009F3FD0 /* OpenGLES.framework */; };
		43CC37E41BC1800B009F3FD0 /* UIKit.framework in Frameworks */ = {isa = PBXBuildFile; fileRef = 43CC37E31BC1800B009F3FD0 /* UIKit.framework */; };
		43F956E52788DE85003C9C40 /* main_tileset_hd.plist in Resources */ = {isa = PBXBuildFile; fileRef = 430A3BDC1BEF77A200A7128E /* main_tileset_hd.plist */; };
		43F956E72788DE85003C9C40 /* Main.storyboard in Resources */ = {isa = PBXBuildFile; fileRef = 43CC37D11BC17869009F3FD0 /* Main.storyboard */; };
		43F956E92788DE85003C9C40 /* main_tileset_hd.png in Resources */ = {isa = PBXBuildFile; fileRef = 430A3BDD1BEF77A200A7128E /* main_tileset_hd.png */; };
		43F956EA2788DE85003C9C40 /* Images.xcassets in Resources */ = {isa = PBXBuildFile; fileRef = 43CC37D91BC178C6009F3FD0 /* Images.xcassets */; };
		43F956EB2788DE85003C9C40 /* LaunchScreen.storyboard in Resources */ = {isa = PBXBuildFile; fileRef = 43CC37D01BC17869009F3FD0 /* LaunchScreen.storyboard */; };
		43F956EC2788DE85003C9C40 /* example_blueprint.json in Resources */ = {isa = PBXBuildFile; fileRef = 431DCDEC1C5D665E009CA06A /* example_blueprint.json */; };
		43F956F02788DE85003C9C40 /* test_tileset_HD.plist in Resources */ = {isa = PBXBuildFile; fileRef = 4361F45F1EAE561700A0CC03 /* test_tileset_HD.plist */; };
		43F956F12788DE85003C9C40 /* test_tileset_HD.png in Resources */ = {isa = PBXBuildFile; fileRef = 4361F4601EAE561700A0CC03 /* test_tileset_HD.png */; };
/* End PBXBuildFile section */

/* Begin PBXFileReference section */
		250365B364B61306D1FB5E26 /* Pods_sprawl_metal.framework */ = {isa = PBXFileReference; explicitFileType = wrapper.framework; includeInIndex = 0; path = Pods_sprawl_metal.framework; sourceTree = BUILT_PRODUCTS_DIR; };
		3698C4F513B8B0F548C76DC7 /* Pods-sprawl_opengl.debug.xcconfig */ = {isa = PBXFileReference; includeInIndex = 1; lastKnownFileType = text.xcconfig; name = "Pods-sprawl_opengl.debug.xcconfig"; path = "Target Support Files/Pods-sprawl_opengl/Pods-sprawl_opengl.debug.xcconfig"; sourceTree = "<group>"; };
		430A3BDC1BEF77A200A7128E /* main_tileset_hd.plist */ = {isa = PBXFileReference; fileEncoding = 4; lastKnownFileType = text.plist.xml; name = main_tileset_hd.plist; path = assets/tilesets/main_tileset_hd.plist; sourceTree = "<group>"; };
		430A3BDD1BEF77A200A7128E /* main_tileset_hd.png */ = {isa = PBXFileReference; lastKnownFileType = image.png; name = main_tileset_hd.png; path = assets/tilesets/main_tileset_hd.png; sourceTree = "<group>"; };
		431DCDEC1C5D665E009CA06A /* example_blueprint.json */ = {isa = PBXFileReference; fileEncoding = 4; lastKnownFileType = text.json; name = example_blueprint.json; path = assets/blueprints/example_blueprint.json; sourceTree = "<group>"; };
		433F0B8E278C69FB001BD027 /* Info_metal.plist */ = {isa = PBXFileReference; fileEncoding = 4; lastKnownFileType = text.plist.xml; name = Info_metal.plist; path = meta/Info_metal.plist; sourceTree = "<group>"; };
		433F0B92278C6A8D001BD027 /* MetalViewShader.metal */ = {isa = PBXFileReference; fileEncoding = 4; lastKnownFileType = sourcecode.metal; name = MetalViewShader.metal; path = assets/shaders/metal/MetalViewShader.metal; sourceTree = "<group>"; };
		433F0B96278C6AA7001BD027 /* ImageViewShader.fsh */ = {isa = PBXFileReference; fileEncoding = 4; lastKnownFileType = sourcecode.glsl; path = ImageViewShader.fsh; sourceTree = "<group>"; };
		433F0B97278C6AA7001BD027 /* shader_config.plist */ = {isa = PBXFileReference; fileEncoding = 4; lastKnownFileType = text.plist.xml; path = shader_config.plist; sourceTree = "<group>"; };
		433F0B98278C6AA7001BD027 /* ViewShader.fsh */ = {isa = PBXFileReference; fileEncoding = 4; lastKnownFileType = sourcecode.glsl; path = ViewShader.fsh; sourceTree = "<group>"; };
		433F0B99278C6AA7001BD027 /* ImageViewShader.vsh */ = {isa = PBXFileReference; fileEncoding = 4; lastKnownFileType = sourcecode.glsl; path = ImageViewShader.vsh; sourceTree = "<group>"; };
		433F0B9A278C6AA7001BD027 /* ViewShader.vsh */ = {isa = PBXFileReference; fileEncoding = 4; lastKnownFileType = sourcecode.glsl; path = ViewShader.vsh; sourceTree = "<group>"; };
		435743D327907CC4000B5062 /* IOSSpriteHandler.mm */ = {isa = PBXFileReference; fileEncoding = 4; lastKnownFileType = sourcecode.cpp.objcpp; path = IOSSpriteHandler.mm; sourceTree = "<group>"; };
		435743D427907CC4000B5062 /* IOSShaderHandler.cpp */ = {isa = PBXFileReference; fileEncoding = 4; lastKnownFileType = sourcecode.cpp.cpp; path = IOSShaderHandler.cpp; sourceTree = "<group>"; };
		435743D627907CC4000B5062 /* MetalRenderer.cpp */ = {isa = PBXFileReference; fileEncoding = 4; lastKnownFileType = sourcecode.cpp.cpp; path = MetalRenderer.cpp; sourceTree = "<group>"; };
		435743D727907CC4000B5062 /* MetalViewRenderer.hpp */ = {isa = PBXFileReference; fileEncoding = 4; lastKnownFileType = sourcecode.cpp.h; path = MetalViewRenderer.hpp; sourceTree = "<group>"; };
		435743D827907CC4000B5062 /* MetalImageViewRenderer.cpp */ = {isa = PBXFileReference; fileEncoding = 4; lastKnownFileType = sourcecode.cpp.cpp; path = MetalImageViewRenderer.cpp; sourceTree = "<group>"; };
		435743D927907CC4000B5062 /* MetalImageViewRenderer.hpp */ = {isa = PBXFileReference; fileEncoding = 4; lastKnownFileType = sourcecode.cpp.h; path = MetalImageViewRenderer.hpp; sourceTree = "<group>"; };
		435743DA27907CC4000B5062 /* MetalRenderer.hpp */ = {isa = PBXFileReference; fileEncoding = 4; lastKnownFileType = sourcecode.cpp.h; path = MetalRenderer.hpp; sourceTree = "<group>"; };
		435743DB27907CC4000B5062 /* MetalViewRenderer.cpp */ = {isa = PBXFileReference; fileEncoding = 4; lastKnownFileType = sourcecode.cpp.cpp; path = MetalViewRenderer.cpp; sourceTree = "<group>"; };
		435743DC27907CC4000B5062 /* ScreenManager.cpp */ = {isa = PBXFileReference; fileEncoding = 4; lastKnownFileType = sourcecode.cpp.cpp; path = ScreenManager.cpp; sourceTree = "<group>"; };
		435743DD27907CC4000B5062 /* IOSSpriteHandler.hpp */ = {isa = PBXFileReference; fileEncoding = 4; lastKnownFileType = sourcecode.cpp.h; path = IOSSpriteHandler.hpp; sourceTree = "<group>"; };
		435743DE27907CC4000B5062 /* IOSShaderHandler.hpp */ = {isa = PBXFileReference; fileEncoding = 4; lastKnownFileType = sourcecode.cpp.h; path = IOSShaderHandler.hpp; sourceTree = "<group>"; };
		435743E027907CC4000B5062 /* OGLViewRenderer.cpp */ = {isa = PBXFileReference; fileEncoding = 4; lastKnownFileType = sourcecode.cpp.cpp; path = OGLViewRenderer.cpp; sourceTree = "<group>"; };
		435743E127907CC4000B5062 /* OGLImageViewRenderer.cpp */ = {isa = PBXFileReference; fileEncoding = 4; lastKnownFileType = sourcecode.cpp.cpp; path = OGLImageViewRenderer.cpp; sourceTree = "<group>"; };
		435743E227907CC4000B5062 /* OGLRenderer.hpp */ = {isa = PBXFileReference; fileEncoding = 4; lastKnownFileType = sourcecode.cpp.h; path = OGLRenderer.hpp; sourceTree = "<group>"; };
		435743E327907CC4000B5062 /* OGLViewRenderer.hpp */ = {isa = PBXFileReference; fileEncoding = 4; lastKnownFileType = sourcecode.cpp.h; path = OGLViewRenderer.hpp; sourceTree = "<group>"; };
		435743E427907CC4000B5062 /* OGLImageViewRenderer.hpp */ = {isa = PBXFileReference; fileEncoding = 4; lastKnownFileType = sourcecode.cpp.h; path = OGLImageViewRenderer.hpp; sourceTree = "<group>"; };
		435743E527907CC4000B5062 /* OGLRenderer.cpp */ = {isa = PBXFileReference; fileEncoding = 4; lastKnownFileType = sourcecode.cpp.cpp; path = OGLRenderer.cpp; sourceTree = "<group>"; };
		435743E627907CC4000B5062 /* ScreenManager.hpp */ = {isa = PBXFileReference; fileEncoding = 4; lastKnownFileType = sourcecode.cpp.h; path = ScreenManager.hpp; sourceTree = "<group>"; };
		435743E827907CC4000B5062 /* OGLViewController.mm */ = {isa = PBXFileReference; fileEncoding = 4; lastKnownFileType = sourcecode.cpp.objcpp; path = OGLViewController.mm; sourceTree = "<group>"; };
		435743E927907CC4000B5062 /* MetalRootViewController.h */ = {isa = PBXFileReference; fileEncoding = 4; lastKnownFileType = sourcecode.c.h; path = MetalRootViewController.h; sourceTree = "<group>"; };
		435743EA27907CC4000B5062 /* MetalRootViewController.mm */ = {isa = PBXFileReference; fileEncoding = 4; lastKnownFileType = sourcecode.cpp.objcpp; path = MetalRootViewController.mm; sourceTree = "<group>"; };
		435743EB27907CC4000B5062 /* OGLViewController.h */ = {isa = PBXFileReference; fileEncoding = 4; lastKnownFileType = sourcecode.c.h; path = OGLViewController.h; sourceTree = "<group>"; };
		435743ED27907CC4000B5062 /* AppDelegate.h */ = {isa = PBXFileReference; fileEncoding = 4; lastKnownFileType = sourcecode.c.h; path = AppDelegate.h; sourceTree = "<group>"; };
		435743EE27907CC4000B5062 /* main.m */ = {isa = PBXFileReference; fileEncoding = 4; lastKnownFileType = sourcecode.c.objc; path = main.m; sourceTree = "<group>"; };
		435743EF27907CC4000B5062 /* AppDelegate.mm */ = {isa = PBXFileReference; fileEncoding = 4; lastKnownFileType = sourcecode.cpp.objcpp; path = AppDelegate.mm; sourceTree = "<group>"; };
		4357443227907F99000B5062 /* libgrumble.a */ = {isa = PBXFileReference; lastKnownFileType = archive.ar; name = libgrumble.a; path = ../grumble/lib/libgrumble.a; sourceTree = "<group>"; };
		4361F45F1EAE561700A0CC03 /* test_tileset_HD.plist */ = {isa = PBXFileReference; fileEncoding = 4; lastKnownFileType = text.plist.xml; name = test_tileset_HD.plist; path = assets/tilesets/test_tileset/test_tileset_HD.plist; sourceTree = "<group>"; };
		4361F4601EAE561700A0CC03 /* test_tileset_HD.png */ = {isa = PBXFileReference; lastKnownFileType = image.png; name = test_tileset_HD.png; path = assets/tilesets/test_tileset/test_tileset_HD.png; sourceTree = "<group>"; };
		438072012788EAB500D85E9B /* MetalKit.framework */ = {isa = PBXFileReference; lastKnownFileType = wrapper.framework; name = MetalKit.framework; path = System/Library/Frameworks/MetalKit.framework; sourceTree = SDKROOT; };
		43809F892788E39F00376332 /* Metal.framework */ = {isa = PBXFileReference; lastKnownFileType = wrapper.framework; name = Metal.framework; path = System/Library/Frameworks/Metal.framework; sourceTree = SDKROOT; };
		43809F8B2788E3A200376332 /* QuartzCore.framework */ = {isa = PBXFileReference; lastKnownFileType = wrapper.framework; name = QuartzCore.framework; path = System/Library/Frameworks/QuartzCore.framework; sourceTree = SDKROOT; };
		43AD74FCABB8D08420E6C273 /* Pods-sprawl_metal.release.xcconfig */ = {isa = PBXFileReference; includeInIndex = 1; lastKnownFileType = text.xcconfig; name = "Pods-sprawl_metal.release.xcconfig"; path = "Target Support Files/Pods-sprawl_metal/Pods-sprawl_metal.release.xcconfig"; sourceTree = "<group>"; };
		43CC37901BC17594009F3FD0 /* sprawl_opengl.app */ = {isa = PBXFileReference; explicitFileType = wrapper.application; includeInIndex = 0; path = sprawl_opengl.app; sourceTree = BUILT_PRODUCTS_DIR; };
		43CC37D01BC17869009F3FD0 /* LaunchScreen.storyboard */ = {isa = PBXFileReference; fileEncoding = 4; lastKnownFileType = file.storyboard; name = LaunchScreen.storyboard; path = xib/LaunchScreen.storyboard; sourceTree = "<group>"; };
		43CC37D11BC17869009F3FD0 /* Main.storyboard */ = {isa = PBXFileReference; fileEncoding = 4; lastKnownFileType = file.storyboard; name = Main.storyboard; path = xib/Main.storyboard; sourceTree = "<group>"; };
		43CC37D71BC178A8009F3FD0 /* Info.plist */ = {isa = PBXFileReference; fileEncoding = 4; lastKnownFileType = text.plist.xml; name = Info.plist; path = meta/Info.plist; sourceTree = "<group>"; };
		43CC37D91BC178C6009F3FD0 /* Images.xcassets */ = {isa = PBXFileReference; lastKnownFileType = folder.assetcatalog; name = Images.xcassets; path = meta/Images.xcassets; sourceTree = "<group>"; };
		43CC37DF1BC17FDA009F3FD0 /* GLKit.framework */ = {isa = PBXFileReference; lastKnownFileType = wrapper.framework; name = GLKit.framework; path = System/Library/Frameworks/GLKit.framework; sourceTree = SDKROOT; };
		43CC37E11BC17FFA009F3FD0 /* OpenGLES.framework */ = {isa = PBXFileReference; lastKnownFileType = wrapper.framework; name = OpenGLES.framework; path = System/Library/Frameworks/OpenGLES.framework; sourceTree = SDKROOT; };
		43CC37E31BC1800B009F3FD0 /* UIKit.framework */ = {isa = PBXFileReference; lastKnownFileType = wrapper.framework; name = UIKit.framework; path = System/Library/Frameworks/UIKit.framework; sourceTree = SDKROOT; };
		43F956F72788DE85003C9C40 /* sprawl_metal.app */ = {isa = PBXFileReference; explicitFileType = wrapper.application; includeInIndex = 0; path = sprawl_metal.app; sourceTree = BUILT_PRODUCTS_DIR; };
		4D99F62511FE17D0B4C47760 /* Pods-sprawl_metal.debug.xcconfig */ = {isa = PBXFileReference; includeInIndex = 1; lastKnownFileType = text.xcconfig; name = "Pods-sprawl_metal.debug.xcconfig"; path = "Target Support Files/Pods-sprawl_metal/Pods-sprawl_metal.debug.xcconfig"; sourceTree = "<group>"; };
		D1CD3E74058B4CC3FFA28A60 /* Pods_sprawl_opengl.framework */ = {isa = PBXFileReference; explicitFileType = wrapper.framework; includeInIndex = 0; path = Pods_sprawl_opengl.framework; sourceTree = BUILT_PRODUCTS_DIR; };
		D815A81C774E35DB40A72ED0 /* Pods-sprawl_opengl.release.xcconfig */ = {isa = PBXFileReference; includeInIndex = 1; lastKnownFileType = text.xcconfig; name = "Pods-sprawl_opengl.release.xcconfig"; path = "Target Support Files/Pods-sprawl_opengl/Pods-sprawl_opengl.release.xcconfig"; sourceTree = "<group>"; };
/* End PBXFileReference section */

/* Begin PBXFrameworksBuildPhase section */
		43CC378D1BC17594009F3FD0 /* Frameworks */ = {
			isa = PBXFrameworksBuildPhase;
			buildActionMask = 2147483647;
			files = (
				43CC37E41BC1800B009F3FD0 /* UIKit.framework in Frameworks */,
				43CC37E21BC17FFA009F3FD0 /* OpenGLES.framework in Frameworks */,
				43CC37E01BC17FDA009F3FD0 /* GLKit.framework in Frameworks */,
			);
			runOnlyForDeploymentPostprocessing = 0;
		};
		43F956DF2788DE85003C9C40 /* Frameworks */ = {
			isa = PBXFrameworksBuildPhase;
			buildActionMask = 2147483647;
			files = (
				438072022788EAB500D85E9B /* MetalKit.framework in Frameworks */,
				43809F8D2788E48500376332 /* UIKit.framework in Frameworks */,
				43809F8C2788E3A200376332 /* QuartzCore.framework in Frameworks */,
				43809F8A2788E39F00376332 /* Metal.framework in Frameworks */,
			);
			runOnlyForDeploymentPostprocessing = 0;
		};
/* End PBXFrameworksBuildPhase section */

/* Begin PBXGroup section */
		431DCDEB1C5D6652009CA06A /* blueprints */ = {
			isa = PBXGroup;
			children = (
				431DCDEC1C5D665E009CA06A /* example_blueprint.json */,
			);
			name = blueprints;
			sourceTree = "<group>";
		};
		433F0B91278C6A81001BD027 /* metal */ = {
			isa = PBXGroup;
			children = (
				433F0B92278C6A8D001BD027 /* MetalViewShader.metal */,
			);
			name = metal;
			sourceTree = "<group>";
		};
		433F0B95278C6AA7001BD027 /* opengl */ = {
			isa = PBXGroup;
			children = (
				433F0B96278C6AA7001BD027 /* ImageViewShader.fsh */,
				433F0B97278C6AA7001BD027 /* shader_config.plist */,
				433F0B98278C6AA7001BD027 /* ViewShader.fsh */,
				433F0B99278C6AA7001BD027 /* ImageViewShader.vsh */,
				433F0B9A278C6AA7001BD027 /* ViewShader.vsh */,
			);
			name = opengl;
			path = assets/shaders/opengl;
			sourceTree = "<group>";
		};
		435743D127907CC4000B5062 /* source */ = {
			isa = PBXGroup;
			children = (
				435743D227907CC4000B5062 /* rendering */,
				435743E727907CC4000B5062 /* viewcontroller */,
				435743EC27907CC4000B5062 /* base */,
			);
			path = source;
			sourceTree = "<group>";
		};
		435743D227907CC4000B5062 /* rendering */ = {
			isa = PBXGroup;
			children = (
				435743D527907CC4000B5062 /* metal */,
				435743DF27907CC4000B5062 /* opengl */,
				435743DD27907CC4000B5062 /* IOSSpriteHandler.hpp */,
				435743D327907CC4000B5062 /* IOSSpriteHandler.mm */,
				435743DE27907CC4000B5062 /* IOSShaderHandler.hpp */,
				435743D427907CC4000B5062 /* IOSShaderHandler.cpp */,
				435743E627907CC4000B5062 /* ScreenManager.hpp */,
				435743DC27907CC4000B5062 /* ScreenManager.cpp */,
			);
			path = rendering;
			sourceTree = "<group>";
		};
		435743D527907CC4000B5062 /* metal */ = {
			isa = PBXGroup;
			children = (
				435743DA27907CC4000B5062 /* MetalRenderer.hpp */,
				435743D627907CC4000B5062 /* MetalRenderer.cpp */,
				435743D727907CC4000B5062 /* MetalViewRenderer.hpp */,
				435743DB27907CC4000B5062 /* MetalViewRenderer.cpp */,
				435743D927907CC4000B5062 /* MetalImageViewRenderer.hpp */,
				435743D827907CC4000B5062 /* MetalImageViewRenderer.cpp */,
			);
			path = metal;
			sourceTree = "<group>";
		};
		435743DF27907CC4000B5062 /* opengl */ = {
			isa = PBXGroup;
			children = (
				435743E227907CC4000B5062 /* OGLRenderer.hpp */,
				435743E527907CC4000B5062 /* OGLRenderer.cpp */,
				435743E327907CC4000B5062 /* OGLViewRenderer.hpp */,
				435743E027907CC4000B5062 /* OGLViewRenderer.cpp */,
				435743E427907CC4000B5062 /* OGLImageViewRenderer.hpp */,
				435743E127907CC4000B5062 /* OGLImageViewRenderer.cpp */,
			);
			path = opengl;
			sourceTree = "<group>";
		};
		435743E727907CC4000B5062 /* viewcontroller */ = {
			isa = PBXGroup;
			children = (
				435743EB27907CC4000B5062 /* OGLViewController.h */,
				435743E827907CC4000B5062 /* OGLViewController.mm */,
				435743E927907CC4000B5062 /* MetalRootViewController.h */,
				435743EA27907CC4000B5062 /* MetalRootViewController.mm */,
			);
			path = viewcontroller;
			sourceTree = "<group>";
		};
		435743EC27907CC4000B5062 /* base */ = {
			isa = PBXGroup;
			children = (
				435743ED27907CC4000B5062 /* AppDelegate.h */,
				435743EE27907CC4000B5062 /* main.m */,
				435743EF27907CC4000B5062 /* AppDelegate.mm */,
			);
			path = base;
			sourceTree = "<group>";
		};
		4361F45E1EAE55FE00A0CC03 /* test_tileset */ = {
			isa = PBXGroup;
			children = (
				4361F45F1EAE561700A0CC03 /* test_tileset_HD.plist */,
				4361F4601EAE561700A0CC03 /* test_tileset_HD.png */,
			);
			name = test_tileset;
			sourceTree = "<group>";
		};
		43BF41291BE6913E00D8011B /* assets */ = {
			isa = PBXGroup;
			children = (
				43EBB90E1C81876800C162DB /* blocks */,
				431DCDEB1C5D6652009CA06A /* blueprints */,
				43BF412B1BE6914800D8011B /* tilesets */,
				43BF412A1BE6914300D8011B /* shaders */,
			);
			name = assets;
			sourceTree = "<group>";
		};
		43BF412A1BE6914300D8011B /* shaders */ = {
			isa = PBXGroup;
			children = (
				433F0B95278C6AA7001BD027 /* opengl */,
				433F0B91278C6A81001BD027 /* metal */,
			);
			name = shaders;
			sourceTree = "<group>";
		};
		43BF412B1BE6914800D8011B /* tilesets */ = {
			isa = PBXGroup;
			children = (
				4361F45E1EAE55FE00A0CC03 /* test_tileset */,
				430A3BDC1BEF77A200A7128E /* main_tileset_hd.plist */,
				430A3BDD1BEF77A200A7128E /* main_tileset_hd.png */,
			);
			name = tilesets;
			sourceTree = "<group>";
		};
		43CC37871BC17594009F3FD0 = {
			isa = PBXGroup;
			children = (
				43CC37921BC17594009F3FD0 /* sprawl */,
				43CC37E51BC18022009F3FD0 /* Frameworks */,
				43CC37911BC17594009F3FD0 /* Products */,
				B88C4610C3A4DF1E9AFEFC27 /* Pods */,
			);
			sourceTree = "<group>";
		};
		43CC37911BC17594009F3FD0 /* Products */ = {
			isa = PBXGroup;
			children = (
				43CC37901BC17594009F3FD0 /* sprawl_opengl.app */,
				43F956F72788DE85003C9C40 /* sprawl_metal.app */,
			);
			name = Products;
			sourceTree = "<group>";
		};
		43CC37921BC17594009F3FD0 /* sprawl */ = {
			isa = PBXGroup;
			children = (
				435743D127907CC4000B5062 /* source */,
				43BF41291BE6913E00D8011B /* assets */,
				43CC37CF1BC1785F009F3FD0 /* xib */,
				43CC37D41BC17879009F3FD0 /* meta */,
			);
			path = sprawl;
			sourceTree = "<group>";
		};
		43CC37CF1BC1785F009F3FD0 /* xib */ = {
			isa = PBXGroup;
			children = (
				43CC37D01BC17869009F3FD0 /* LaunchScreen.storyboard */,
				43CC37D11BC17869009F3FD0 /* Main.storyboard */,
			);
			name = xib;
			sourceTree = "<group>";
		};
		43CC37D41BC17879009F3FD0 /* meta */ = {
			isa = PBXGroup;
			children = (
				433F0B8E278C69FB001BD027 /* Info_metal.plist */,
				43CC37D91BC178C6009F3FD0 /* Images.xcassets */,
				43CC37D71BC178A8009F3FD0 /* Info.plist */,
			);
			name = meta;
			sourceTree = "<group>";
		};
		43CC37E51BC18022009F3FD0 /* Frameworks */ = {
			isa = PBXGroup;
			children = (
				4357443227907F99000B5062 /* libgrumble.a */,
				438072012788EAB500D85E9B /* MetalKit.framework */,
				43809F8B2788E3A200376332 /* QuartzCore.framework */,
				43809F892788E39F00376332 /* Metal.framework */,
				43CC37E31BC1800B009F3FD0 /* UIKit.framework */,
				43CC37E11BC17FFA009F3FD0 /* OpenGLES.framework */,
				43CC37DF1BC17FDA009F3FD0 /* GLKit.framework */,
				250365B364B61306D1FB5E26 /* Pods_sprawl_metal.framework */,
				D1CD3E74058B4CC3FFA28A60 /* Pods_sprawl_opengl.framework */,
			);
			name = Frameworks;
			sourceTree = "<group>";
		};
		43EBB90E1C81876800C162DB /* blocks */ = {
			isa = PBXGroup;
			children = (
			);
			name = blocks;
			sourceTree = "<group>";
		};
		B88C4610C3A4DF1E9AFEFC27 /* Pods */ = {
			isa = PBXGroup;
			children = (
				4D99F62511FE17D0B4C47760 /* Pods-sprawl_metal.debug.xcconfig */,
				43AD74FCABB8D08420E6C273 /* Pods-sprawl_metal.release.xcconfig */,
				3698C4F513B8B0F548C76DC7 /* Pods-sprawl_opengl.debug.xcconfig */,
				D815A81C774E35DB40A72ED0 /* Pods-sprawl_opengl.release.xcconfig */,
			);
			path = Pods;
			sourceTree = "<group>";
		};
/* End PBXGroup section */

/* Begin PBXNativeTarget section */
		43CC378F1BC17594009F3FD0 /* sprawl_opengl */ = {
			isa = PBXNativeTarget;
			buildConfigurationList = 43CC37AB1BC17594009F3FD0 /* Build configuration list for PBXNativeTarget "sprawl_opengl" */;
			buildPhases = (
				0679D289B9418D66884DDC0D /* [CP] Check Pods Manifest.lock */,
				43CC378C1BC17594009F3FD0 /* Sources */,
				43CC378D1BC17594009F3FD0 /* Frameworks */,
				43CC378E1BC17594009F3FD0 /* Resources */,
			);
			buildRules = (
			);
			dependencies = (
			);
			name = sprawl_opengl;
			productName = sprawl;
			productReference = 43CC37901BC17594009F3FD0 /* sprawl_opengl.app */;
			productType = "com.apple.product-type.application";
		};
		43F956BD2788DE85003C9C40 /* sprawl_metal */ = {
			isa = PBXNativeTarget;
			buildConfigurationList = 43F956F42788DE85003C9C40 /* Build configuration list for PBXNativeTarget "sprawl_metal" */;
			buildPhases = (
				D127D705AAA411CAF01F6506 /* [CP] Check Pods Manifest.lock */,
				43F956BF2788DE85003C9C40 /* Sources */,
				43F956DF2788DE85003C9C40 /* Frameworks */,
				43F956E42788DE85003C9C40 /* Resources */,
			);
			buildRules = (
			);
			dependencies = (
			);
			name = sprawl_metal;
			productName = sprawl;
			productReference = 43F956F72788DE85003C9C40 /* sprawl_metal.app */;
			productType = "com.apple.product-type.application";
		};
/* End PBXNativeTarget section */

/* Begin PBXProject section */
		43CC37881BC17594009F3FD0 /* Project object */ = {
			isa = PBXProject;
			attributes = {
				LastUpgradeCheck = 1310;
				ORGANIZATIONNAME = "The Caffeinated Coder";
				TargetAttributes = {
					43CC378F1BC17594009F3FD0 = {
						CreatedOnToolsVersion = 7.0.1;
					};
				};
			};
			buildConfigurationList = 43CC378B1BC17594009F3FD0 /* Build configuration list for PBXProject "sprawl" */;
			compatibilityVersion = "Xcode 3.2";
			developmentRegion = en;
			hasScannedForEncodings = 0;
			knownRegions = (
				en,
				Base,
			);
			mainGroup = 43CC37871BC17594009F3FD0;
			productRefGroup = 43CC37911BC17594009F3FD0 /* Products */;
			projectDirPath = "";
			projectRoot = "";
			targets = (
				43CC378F1BC17594009F3FD0 /* sprawl_opengl */,
				43F956BD2788DE85003C9C40 /* sprawl_metal */,
			);
		};
/* End PBXProject section */

/* Begin PBXResourcesBuildPhase section */
		43CC378E1BC17594009F3FD0 /* Resources */ = {
			isa = PBXResourcesBuildPhase;
			buildActionMask = 2147483647;
			files = (
				430A3BE01BEF77A200A7128E /* main_tileset_hd.plist in Resources */,
				43CC37D31BC17869009F3FD0 /* Main.storyboard in Resources */,
				430A3BE11BEF77A200A7128E /* main_tileset_hd.png in Resources */,
				433F0BA1278C6AA7001BD027 /* ImageViewShader.vsh in Resources */,
				433F0B9B278C6AA7001BD027 /* ImageViewShader.fsh in Resources */,
				43CC37DA1BC178C6009F3FD0 /* Images.xcassets in Resources */,
				43CC37D21BC17869009F3FD0 /* LaunchScreen.storyboard in Resources */,
				431DCDED1C5D665E009CA06A /* example_blueprint.json in Resources */,
				433F0B9D278C6AA7001BD027 /* shader_config.plist in Resources */,
				4361F4611EAE561700A0CC03 /* test_tileset_HD.plist in Resources */,
				4361F4621EAE561700A0CC03 /* test_tileset_HD.png in Resources */,
				433F0BA3278C6AA7001BD027 /* ViewShader.vsh in Resources */,
				433F0B9F278C6AA7001BD027 /* ViewShader.fsh in Resources */,
			);
			runOnlyForDeploymentPostprocessing = 0;
		};
		43F956E42788DE85003C9C40 /* Resources */ = {
			isa = PBXResourcesBuildPhase;
			buildActionMask = 2147483647;
			files = (
				43F956E52788DE85003C9C40 /* main_tileset_hd.plist in Resources */,
				43F956E72788DE85003C9C40 /* Main.storyboard in Resources */,
				43F956E92788DE85003C9C40 /* main_tileset_hd.png in Resources */,
				433F0BA2278C6AA7001BD027 /* ImageViewShader.vsh in Resources */,
				433F0B9C278C6AA7001BD027 /* ImageViewShader.fsh in Resources */,
				43F956EA2788DE85003C9C40 /* Images.xcassets in Resources */,
				43F956EB2788DE85003C9C40 /* LaunchScreen.storyboard in Resources */,
				43F956EC2788DE85003C9C40 /* example_blueprint.json in Resources */,
				433F0B9E278C6AA7001BD027 /* shader_config.plist in Resources */,
				43F956F02788DE85003C9C40 /* test_tileset_HD.plist in Resources */,
				43F956F12788DE85003C9C40 /* test_tileset_HD.png in Resources */,
				433F0BA4278C6AA7001BD027 /* ViewShader.vsh in Resources */,
				433F0BA0278C6AA7001BD027 /* ViewShader.fsh in Resources */,
			);
			runOnlyForDeploymentPostprocessing = 0;
		};
/* End PBXResourcesBuildPhase section */

/* Begin PBXShellScriptBuildPhase section */
		0679D289B9418D66884DDC0D /* [CP] Check Pods Manifest.lock */ = {
			isa = PBXShellScriptBuildPhase;
			buildActionMask = 2147483647;
			files = (
			);
			inputFileListPaths = (
			);
			inputPaths = (
				"${PODS_PODFILE_DIR_PATH}/Podfile.lock",
				"${PODS_ROOT}/Manifest.lock",
			);
			name = "[CP] Check Pods Manifest.lock";
			outputFileListPaths = (
			);
			outputPaths = (
				"$(DERIVED_FILE_DIR)/Pods-sprawl_opengl-checkManifestLockResult.txt",
			);
			runOnlyForDeploymentPostprocessing = 0;
			shellPath = /bin/sh;
			shellScript = "diff \"${PODS_PODFILE_DIR_PATH}/Podfile.lock\" \"${PODS_ROOT}/Manifest.lock\" > /dev/null\nif [ $? != 0 ] ; then\n    # print error to STDERR\n    echo \"error: The sandbox is not in sync with the Podfile.lock. Run 'pod install' or update your CocoaPods installation.\" >&2\n    exit 1\nfi\n# This output is used by Xcode 'outputs' to avoid re-running this script phase.\necho \"SUCCESS\" > \"${SCRIPT_OUTPUT_FILE_0}\"\n";
			showEnvVarsInLog = 0;
		};
		D127D705AAA411CAF01F6506 /* [CP] Check Pods Manifest.lock */ = {
			isa = PBXShellScriptBuildPhase;
			buildActionMask = 2147483647;
			files = (
			);
			inputFileListPaths = (
			);
			inputPaths = (
				"${PODS_PODFILE_DIR_PATH}/Podfile.lock",
				"${PODS_ROOT}/Manifest.lock",
			);
			name = "[CP] Check Pods Manifest.lock";
			outputFileListPaths = (
			);
			outputPaths = (
				"$(DERIVED_FILE_DIR)/Pods-sprawl_metal-checkManifestLockResult.txt",
			);
			runOnlyForDeploymentPostprocessing = 0;
			shellPath = /bin/sh;
			shellScript = "diff \"${PODS_PODFILE_DIR_PATH}/Podfile.lock\" \"${PODS_ROOT}/Manifest.lock\" > /dev/null\nif [ $? != 0 ] ; then\n    # print error to STDERR\n    echo \"error: The sandbox is not in sync with the Podfile.lock. Run 'pod install' or update your CocoaPods installation.\" >&2\n    exit 1\nfi\n# This output is used by Xcode 'outputs' to avoid re-running this script phase.\necho \"SUCCESS\" > \"${SCRIPT_OUTPUT_FILE_0}\"\n";
			showEnvVarsInLog = 0;
		};
/* End PBXShellScriptBuildPhase section */

/* Begin PBXSourcesBuildPhase section */
		43CC378C1BC17594009F3FD0 /* Sources */ = {
			isa = PBXSourcesBuildPhase;
			buildActionMask = 2147483647;
			files = (
				4357440627907CC4000B5062 /* main.m in Sources */,
				435743FC27907CC4000B5062 /* OGLViewRenderer.cpp in Sources */,
				435743F227907CC4000B5062 /* IOSShaderHandler.cpp in Sources */,
				4357440227907CC4000B5062 /* OGLViewController.mm in Sources */,
				4357440027907CC4000B5062 /* OGLRenderer.cpp in Sources */,
				435743FE27907CC4000B5062 /* OGLImageViewRenderer.cpp in Sources */,
				4357440827907CC4000B5062 /* AppDelegate.mm in Sources */,
				433F0B93278C6A8D001BD027 /* MetalViewShader.metal in Sources */,
				435743F027907CC4000B5062 /* IOSSpriteHandler.mm in Sources */,
				435743FA27907CC4000B5062 /* ScreenManager.cpp in Sources */,
			);
			runOnlyForDeploymentPostprocessing = 0;
		};
		43F956BF2788DE85003C9C40 /* Sources */ = {
			isa = PBXSourcesBuildPhase;
			buildActionMask = 2147483647;
			files = (
				4357440727907CC4000B5062 /* main.m in Sources */,
				4357440527907CC4000B5062 /* MetalRootViewController.mm in Sources */,
				435743F527907CC4000B5062 /* MetalRenderer.cpp in Sources */,
				435743F327907CC4000B5062 /* IOSShaderHandler.cpp in Sources */,
				435743F727907CC4000B5062 /* MetalImageViewRenderer.cpp in Sources */,
				435743F927907CC4000B5062 /* MetalViewRenderer.cpp in Sources */,
				4357440927907CC4000B5062 /* AppDelegate.mm in Sources */,
				433F0B94278C6A8D001BD027 /* MetalViewShader.metal in Sources */,
				435743F127907CC4000B5062 /* IOSSpriteHandler.mm in Sources */,
				435743FB27907CC4000B5062 /* ScreenManager.cpp in Sources */,
			);
			runOnlyForDeploymentPostprocessing = 0;
		};
/* End PBXSourcesBuildPhase section */

/* Begin XCBuildConfiguration section */
		43CC37A91BC17594009F3FD0 /* Debug */ = {
			isa = XCBuildConfiguration;
			buildSettings = {
				ALWAYS_SEARCH_USER_PATHS = NO;
				CLANG_CXX_LANGUAGE_STANDARD = "gnu++0x";
				CLANG_CXX_LIBRARY = "libc++";
				CLANG_ENABLE_MODULES = YES;
				CLANG_ENABLE_OBJC_ARC = YES;
				CLANG_WARN_BLOCK_CAPTURE_AUTORELEASING = YES;
				CLANG_WARN_BOOL_CONVERSION = YES;
				CLANG_WARN_COMMA = YES;
				CLANG_WARN_CONSTANT_CONVERSION = YES;
				CLANG_WARN_DEPRECATED_OBJC_IMPLEMENTATIONS = YES;
				CLANG_WARN_DIRECT_OBJC_ISA_USAGE = YES_ERROR;
				CLANG_WARN_EMPTY_BODY = YES;
				CLANG_WARN_ENUM_CONVERSION = YES;
				CLANG_WARN_INFINITE_RECURSION = YES;
				CLANG_WARN_INT_CONVERSION = YES;
				CLANG_WARN_NON_LITERAL_NULL_CONVERSION = YES;
				CLANG_WARN_OBJC_IMPLICIT_RETAIN_SELF = YES;
				CLANG_WARN_OBJC_LITERAL_CONVERSION = YES;
				CLANG_WARN_OBJC_ROOT_CLASS = YES_ERROR;
				CLANG_WARN_QUOTED_INCLUDE_IN_FRAMEWORK_HEADER = YES;
				CLANG_WARN_RANGE_LOOP_ANALYSIS = YES;
				CLANG_WARN_STRICT_PROTOTYPES = YES;
				CLANG_WARN_SUSPICIOUS_MOVE = YES;
				CLANG_WARN_UNREACHABLE_CODE = YES;
				CLANG_WARN__DUPLICATE_METHOD_MATCH = YES;
				"CODE_SIGN_IDENTITY[sdk=iphoneos*]" = "iPhone Developer";
				COPY_PHASE_STRIP = NO;
				DEBUG_INFORMATION_FORMAT = "dwarf-with-dsym";
				ENABLE_STRICT_OBJC_MSGSEND = YES;
				ENABLE_TESTABILITY = YES;
				GCC_C_LANGUAGE_STANDARD = gnu99;
				GCC_DYNAMIC_NO_PIC = NO;
				GCC_INPUT_FILETYPE = sourcecode.cpp.objcpp;
				GCC_NO_COMMON_BLOCKS = YES;
				GCC_OPTIMIZATION_LEVEL = 0;
				GCC_PREPROCESSOR_DEFINITIONS = (
					"DEBUG=1",
					"$(inherited)",
				);
				GCC_WARN_64_TO_32_BIT_CONVERSION = YES;
				GCC_WARN_ABOUT_RETURN_TYPE = YES_ERROR;
				GCC_WARN_UNDECLARED_SELECTOR = YES;
				GCC_WARN_UNINITIALIZED_AUTOS = YES_AGGRESSIVE;
				GCC_WARN_UNUSED_FUNCTION = YES;
				GCC_WARN_UNUSED_VARIABLE = YES;
				IPHONEOS_DEPLOYMENT_TARGET = 12.0;
				MTL_ENABLE_DEBUG_INFO = YES;
				ONLY_ACTIVE_ARCH = YES;
				SDKROOT = iphoneos;
			};
			name = Debug;
		};
		43CC37AA1BC17594009F3FD0 /* Release */ = {
			isa = XCBuildConfiguration;
			buildSettings = {
				ALWAYS_SEARCH_USER_PATHS = NO;
				CLANG_CXX_LANGUAGE_STANDARD = "gnu++0x";
				CLANG_CXX_LIBRARY = "libc++";
				CLANG_ENABLE_MODULES = YES;
				CLANG_ENABLE_OBJC_ARC = YES;
				CLANG_WARN_BLOCK_CAPTURE_AUTORELEASING = YES;
				CLANG_WARN_BOOL_CONVERSION = YES;
				CLANG_WARN_COMMA = YES;
				CLANG_WARN_CONSTANT_CONVERSION = YES;
				CLANG_WARN_DEPRECATED_OBJC_IMPLEMENTATIONS = YES;
				CLANG_WARN_DIRECT_OBJC_ISA_USAGE = YES_ERROR;
				CLANG_WARN_EMPTY_BODY = YES;
				CLANG_WARN_ENUM_CONVERSION = YES;
				CLANG_WARN_INFINITE_RECURSION = YES;
				CLANG_WARN_INT_CONVERSION = YES;
				CLANG_WARN_NON_LITERAL_NULL_CONVERSION = YES;
				CLANG_WARN_OBJC_IMPLICIT_RETAIN_SELF = YES;
				CLANG_WARN_OBJC_LITERAL_CONVERSION = YES;
				CLANG_WARN_OBJC_ROOT_CLASS = YES_ERROR;
				CLANG_WARN_QUOTED_INCLUDE_IN_FRAMEWORK_HEADER = YES;
				CLANG_WARN_RANGE_LOOP_ANALYSIS = YES;
				CLANG_WARN_STRICT_PROTOTYPES = YES;
				CLANG_WARN_SUSPICIOUS_MOVE = YES;
				CLANG_WARN_UNREACHABLE_CODE = YES;
				CLANG_WARN__DUPLICATE_METHOD_MATCH = YES;
				"CODE_SIGN_IDENTITY[sdk=iphoneos*]" = "iPhone Developer";
				COPY_PHASE_STRIP = NO;
				DEBUG_INFORMATION_FORMAT = "dwarf-with-dsym";
				ENABLE_NS_ASSERTIONS = NO;
				ENABLE_STRICT_OBJC_MSGSEND = YES;
				GCC_C_LANGUAGE_STANDARD = gnu99;
				GCC_INPUT_FILETYPE = sourcecode.cpp.objcpp;
				GCC_NO_COMMON_BLOCKS = YES;
				GCC_WARN_64_TO_32_BIT_CONVERSION = YES;
				GCC_WARN_ABOUT_RETURN_TYPE = YES_ERROR;
				GCC_WARN_UNDECLARED_SELECTOR = YES;
				GCC_WARN_UNINITIALIZED_AUTOS = YES_AGGRESSIVE;
				GCC_WARN_UNUSED_FUNCTION = YES;
				GCC_WARN_UNUSED_VARIABLE = YES;
				IPHONEOS_DEPLOYMENT_TARGET = 12.0;
				MTL_ENABLE_DEBUG_INFO = NO;
				SDKROOT = iphoneos;
				VALIDATE_PRODUCT = YES;
			};
			name = Release;
		};
		43CC37AC1BC17594009F3FD0 /* Debug */ = {
			isa = XCBuildConfiguration;
			baseConfigurationReference = 3698C4F513B8B0F548C76DC7 /* Pods-sprawl_opengl.debug.xcconfig */;
			buildSettings = {
				ASSETCATALOG_COMPILER_APPICON_NAME = AppIcon;
				ASSETCATALOG_COMPILER_LAUNCHIMAGE_NAME = LaunchImage;
				CODE_SIGN_IDENTITY = "iPhone Developer";
				DEVELOPMENT_TEAM = "";
				GCC_PREPROCESSOR_DEFINITIONS = (
					"$(inherited)",
					"COCOAPODS=1",
					"GLES_SILENCE_DEPRECATION=1",
				);
				INFOPLIST_FILE = "$(SRCROOT)/sprawl/meta/Info.plist";
				IPHONEOS_DEPLOYMENT_TARGET = 12.0;
				LD_RUNPATH_SEARCH_PATHS = "$(inherited) @executable_path/Frameworks";
				ONLY_ACTIVE_ARCH = NO;
				OTHER_CFLAGS = (
					"$(inherited)",
					"-isystem",
					"\"${PODS_ROOT}/Headers/Public\"",
					"-isystem",
					"\"${PODS_ROOT}/Headers/Public/glm\"",
					"-isystem",
					"\"${PODS_ROOT}/Headers/Public/glm/core\"",
					"-isystem",
					"\"${PODS_ROOT}/Headers/Public/glm/gtc\"",
					"-isystem",
					"\"${PODS_ROOT}/Headers/Public/glm/gtx\"",
					"-isystem",
					"\"${PODS_ROOT}/Headers/Public/glm/virtrev\"",
				);
				OTHER_CPLUSPLUSFLAGS = "$(OTHER_CFLAGS)";
				OTHER_LDFLAGS = (
					"-DGRAPHICS_OPENGL",
					"-DPLATFORM_IOS",
				);
				PRODUCT_BUNDLE_IDENTIFIER = thecaffcoder.sprawl;
				PRODUCT_NAME = "$(TARGET_NAME)";
				TARGETED_DEVICE_FAMILY = "1,2";
			};
			name = Debug;
		};
		43CC37AD1BC17594009F3FD0 /* Release */ = {
			isa = XCBuildConfiguration;
			baseConfigurationReference = D815A81C774E35DB40A72ED0 /* Pods-sprawl_opengl.release.xcconfig */;
			buildSettings = {
				ASSETCATALOG_COMPILER_APPICON_NAME = AppIcon;
				ASSETCATALOG_COMPILER_LAUNCHIMAGE_NAME = LaunchImage;
				CODE_SIGN_IDENTITY = "iPhone Developer";
				DEVELOPMENT_TEAM = "";
				GCC_PREPROCESSOR_DEFINITIONS = (
					"$(inherited)",
					"COCOAPODS=1",
					"GLES_SILENCE_DEPRECATION=1",
				);
				INFOPLIST_FILE = "$(SRCROOT)/sprawl/meta/Info.plist";
				IPHONEOS_DEPLOYMENT_TARGET = 12.0;
				LD_RUNPATH_SEARCH_PATHS = "$(inherited) @executable_path/Frameworks";
				OTHER_CFLAGS = (
					"$(inherited)",
					"-isystem",
					"\"${PODS_ROOT}/Headers/Public\"",
					"-isystem",
					"\"${PODS_ROOT}/Headers/Public/glm\"",
					"-isystem",
					"\"${PODS_ROOT}/Headers/Public/glm/core\"",
					"-isystem",
					"\"${PODS_ROOT}/Headers/Public/glm/gtc\"",
					"-isystem",
					"\"${PODS_ROOT}/Headers/Public/glm/gtx\"",
					"-isystem",
					"\"${PODS_ROOT}/Headers/Public/glm/virtrev\"",
				);
				OTHER_CPLUSPLUSFLAGS = "$(OTHER_CFLAGS)";
				OTHER_LDFLAGS = (
					"-DGRAPHICS_OPENGL",
					"-DPLATFORM_IOS",
				);
				PRODUCT_BUNDLE_IDENTIFIER = thecaffcoder.sprawl;
				PRODUCT_NAME = "$(TARGET_NAME)";
				TARGETED_DEVICE_FAMILY = "1,2";
			};
			name = Release;
		};
		43F956F52788DE85003C9C40 /* Debug */ = {
			isa = XCBuildConfiguration;
			baseConfigurationReference = 4D99F62511FE17D0B4C47760 /* Pods-sprawl_metal.debug.xcconfig */;
			buildSettings = {
				ASSETCATALOG_COMPILER_APPICON_NAME = AppIcon;
				ASSETCATALOG_COMPILER_LAUNCHIMAGE_NAME = LaunchImage;
				CODE_SIGN_IDENTITY = "iPhone Developer";
				DEVELOPMENT_TEAM = "";
				GCC_PREPROCESSOR_DEFINITIONS = (
					"$(inherited)",
					"COCOAPODS=1",
					"GLES_SILENCE_DEPRECATION=1",
				);
				INFOPLIST_FILE = "$(SRCROOT)/sprawl/meta/Info_metal.plist";
				IPHONEOS_DEPLOYMENT_TARGET = 12.0;
				LD_RUNPATH_SEARCH_PATHS = "$(inherited) @executable_path/Frameworks";
				ONLY_ACTIVE_ARCH = NO;
				OTHER_CFLAGS = (
					"$(inherited)",
					"-isystem",
					"\"${PODS_ROOT}/Headers/Public\"",
					"-isystem",
					"\"${PODS_ROOT}/Headers/Public/glm\"",
					"-isystem",
					"\"${PODS_ROOT}/Headers/Public/glm/core\"",
					"-isystem",
					"\"${PODS_ROOT}/Headers/Public/glm/gtc\"",
					"-isystem",
					"\"${PODS_ROOT}/Headers/Public/glm/gtx\"",
					"-isystem",
					"\"${PODS_ROOT}/Headers/Public/glm/virtrev\"",
				);
				OTHER_CPLUSPLUSFLAGS = "$(OTHER_CFLAGS)";
				OTHER_LDFLAGS = (
					"-DGRAPHICS_METAL",
					"-DPLATFORM_IOS",
				);
				PRODUCT_BUNDLE_IDENTIFIER = thecaffcoder.sprawl;
				PRODUCT_NAME = "$(TARGET_NAME)";
				TARGETED_DEVICE_FAMILY = "1,2";
			};
			name = Debug;
		};
		43F956F62788DE85003C9C40 /* Release */ = {
			isa = XCBuildConfiguration;
			baseConfigurationReference = 43AD74FCABB8D08420E6C273 /* Pods-sprawl_metal.release.xcconfig */;
			buildSettings = {
				ASSETCATALOG_COMPILER_APPICON_NAME = AppIcon;
				ASSETCATALOG_COMPILER_LAUNCHIMAGE_NAME = LaunchImage;
				CODE_SIGN_IDENTITY = "iPhone Developer";
				DEVELOPMENT_TEAM = "";
				GCC_PREPROCESSOR_DEFINITIONS = (
					"$(inherited)",
					"COCOAPODS=1",
					"GLES_SILENCE_DEPRECATION=1",
				);
				INFOPLIST_FILE = "$(SRCROOT)/sprawl/meta/Info_metal.plist";
				IPHONEOS_DEPLOYMENT_TARGET = 12.0;
				LD_RUNPATH_SEARCH_PATHS = "$(inherited) @executable_path/Frameworks";
				OTHER_CFLAGS = (
					"$(inherited)",
					"-isystem",
					"\"${PODS_ROOT}/Headers/Public\"",
					"-isystem",
					"\"${PODS_ROOT}/Headers/Public/glm\"",
					"-isystem",
					"\"${PODS_ROOT}/Headers/Public/glm/core\"",
					"-isystem",
					"\"${PODS_ROOT}/Headers/Public/glm/gtc\"",
					"-isystem",
					"\"${PODS_ROOT}/Headers/Public/glm/gtx\"",
					"-isystem",
					"\"${PODS_ROOT}/Headers/Public/glm/virtrev\"",
				);
				OTHER_CPLUSPLUSFLAGS = "$(OTHER_CFLAGS)";
				OTHER_LDFLAGS = (
					"-DGRAPHICS_METAL",
					"-DPLATFORM_IOS",
				);
				PRODUCT_BUNDLE_IDENTIFIER = thecaffcoder.sprawl;
				PRODUCT_NAME = "$(TARGET_NAME)";
				TARGETED_DEVICE_FAMILY = "1,2";
			};
			name = Release;
		};
/* End XCBuildConfiguration section */

/* Begin XCConfigurationList section */
		43CC378B1BC17594009F3FD0 /* Build configuration list for PBXProject "sprawl" */ = {
			isa = XCConfigurationList;
			buildConfigurations = (
				43CC37A91BC17594009F3FD0 /* Debug */,
				43CC37AA1BC17594009F3FD0 /* Release */,
			);
			defaultConfigurationIsVisible = 0;
			defaultConfigurationName = Release;
		};
		43CC37AB1BC17594009F3FD0 /* Build configuration list for PBXNativeTarget "sprawl_opengl" */ = {
			isa = XCConfigurationList;
			buildConfigurations = (
				43CC37AC1BC17594009F3FD0 /* Debug */,
				43CC37AD1BC17594009F3FD0 /* Release */,
			);
			defaultConfigurationIsVisible = 0;
			defaultConfigurationName = Release;
		};
		43F956F42788DE85003C9C40 /* Build configuration list for PBXNativeTarget "sprawl_metal" */ = {
			isa = XCConfigurationList;
			buildConfigurations = (
				43F956F52788DE85003C9C40 /* Debug */,
				43F956F62788DE85003C9C40 /* Release */,
			);
			defaultConfigurationIsVisible = 0;
			defaultConfigurationName = Release;
		};
/* End XCConfigurationList section */
	};
	rootObject = 43CC37881BC17594009F3FD0 /* Project object */;
}
